
Microsoft Visual Studio Solution File, Format Version 12.00
# Visual Studio 15
VisualStudioVersion = 15.0.27130.2010
MinimumVisualStudioVersion = 10.0.40219.1
Project("{FAE04EC0-301F-11D3-BF4B-00C04F79EFBC}") = "DavalaAdmin", "DavalaAdmin\DavalaAdmin.csproj", "{BC5A0A30-AEB4-4C5F-8107-269D3C457DC1}"
EndProject
Global
	GlobalSection(SolutionConfigurationPlatforms) = preSolution
		Debug|Any CPU = Debug|Any CPU
		Release|Any CPU = Release|Any CPU
	EndGlobalSection
	GlobalSection(ProjectConfigurationPlatforms) = postSolution
		{BC5A0A30-AEB4-4C5F-8107-269D3C457DC1}.Debug|Any CPU.ActiveCfg = Debug|Any CPU
		{BC5A0A30-AEB4-4C5F-8107-269D3C457DC1}.Debug|Any CPU.Build.0 = Debug|Any CPU
		{BC5A0A30-AEB4-4C5F-8107-269D3C457DC1}.Release|Any CPU.ActiveCfg = Release|Any CPU
		{BC5A0A30-AEB4-4C5F-8107-269D3C457DC1}.Release|Any CPU.Build.0 = Release|Any CPU
	EndGlobalSection
	GlobalSection(SolutionProperties) = preSolution
		HideSolutionNode = FALSE
	EndGlobalSection
	GlobalSection(ExtensibilityGlobals) = postSolution
		SolutionGuid = {DFD6B2F8-02C3-4048-975D-2356D71D2259}
	EndGlobalSection
EndGlobal
